{
    "_meta": {
        "hash": {
            "sha256": "194e4ab64e744aece1d467dcc634b2debb30f0b03953c345eb196e2d43881713"
        },
        "pipfile-spec": 6,
        "requires": {
            "python_version": "3.6"
        },
        "sources": [
            {
                "name": "pypi",
                "url": "https://pypi.org/simple",
                "verify_ssl": true
            }
        ]
    },
    "default": {
        "importlib-resources": {
            "hashes": [
                "sha256:73f454e062ac149bafd262b18c1f9ebc91f53bd6474e028d1bf1c59ebd152efb"
            ],
            "index": "pypi",
            "version": "==1.0.1"
        },
        "wheel": {
            "hashes": [
                "sha256:0a2e54558a0628f2145d2fc822137e322412115173e8a2ddbe1c9024338ae83c",
                "sha256:80044e51ec5bbf6c894ba0bc48d26a8c20a9ba629f4ca19ea26ecfcf87685f5f"
            ],
            "markers": "python_version != '3.1.*' and python_version >= '2.7' and python_version != '3.0.*' and python_version != '3.3.*' and python_version != '3.2.*'",
            "version": "==0.31.1"
        }
    },
    "develop": {}
}
